<?xml version="1.0" encoding="utf-8"?>
<Project ToolsVersion="4.0" xmlns="http://schemas.microsoft.com/developer/msbuild/2003">
  <ItemGroup>
    <Filter Include="Source Files">
      <UniqueIdentifier>{4FC737F1-C7A5-4376-A066-2A32D752A2FF}</UniqueIdentifier>
      <Extensions>cpp;c;cc;cxx;def;odl;idl;hpj;bat;asm;asmx</Extensions>
    </Filter>
    <Filter Include="Header Files">
      <UniqueIdentifier>{93995380-89BD-4b04-88EB-625FBE52EBFB}</UniqueIdentifier>
      <Extensions>h;hh;hpp;hxx;hm;inl;inc;xsd</Extensions>
    </Filter>
    <Filter Include="Resource Files">
      <UniqueIdentifier>{67DA6AB6-F800-4c08-8B7A-83BB121AAD01}</UniqueIdentifier>
      <Extensions>rc;ico;cur;bmp;dlg;rc2;rct;bin;rgs;gif;jpg;jpeg;jpe;resx;tiff;tif;png;wav;mfcribbon-ms</Extensions>
    </Filter>
    <Filter Include="Header Files\Math">
      <UniqueIdentifier>{73af0251-799e-43cb-a9a2-9b693b962f8a}</UniqueIdentifier>
    </Filter>
    <Filter Include="Source Files\Math">
      <UniqueIdentifier>{89501160-4847-40a8-b407-a540988c0d79}</UniqueIdentifier>
    </Filter>
    <Filter Include="Header Files\Interpreter">
      <UniqueIdentifier>{1949d92b-1f28-4bb2-a436-d4cdbb02e96d}</UniqueIdentifier>
    </Filter>
    <Filter Include="Source Files\Interpreter">
      <UniqueIdentifier>{b1f799fc-3673-455a-a9f1-d8960a151fc5}</UniqueIdentifier>
    </Filter>
    <Filter Include="Source Files\Util">
      <UniqueIdentifier>{67b81138-f796-4cd1-bd66-68c50efad90f}</UniqueIdentifier>
    </Filter>
    <Filter Include="Header Files\Types">
      <UniqueIdentifier>{8ed70655-51e9-4ad2-9c74-25db6d553851}</UniqueIdentifier>
    </Filter>
    <Filter Include="Source Files\Types">
      <UniqueIdentifier>{12a6147c-919c-4f06-b59b-0e6eea2673cf}</UniqueIdentifier>
    </Filter>
    <Filter Include="Header Files\Exception">
      <UniqueIdentifier>{6f9a085b-8665-4441-b086-ec6cc735a771}</UniqueIdentifier>
    </Filter>
    <Filter Include="Source Files\Exception">
      <UniqueIdentifier>{69baecd1-bf9b-4cf1-af2d-e2bd6bc99ef4}</UniqueIdentifier>
    </Filter>
    <Filter Include="Header Files\Lexer">
      <UniqueIdentifier>{027318a7-cee0-4366-a0b3-435dc416cabc}</UniqueIdentifier>
    </Filter>
  </ItemGroup>
  <ItemGroup>
    <ClCompile Include="main.cpp">
      <Filter>Source Files</Filter>
    </ClCompile>
    <ClCompile Include="shunting-yard.cpp">
      <Filter>Source Files\Math</Filter>
    </ClCompile>
    <ClCompile Include="interp.cpp">
      <Filter>Source Files\Interpreter</Filter>
    </ClCompile>
    <ClCompile Include="object.cpp">
      <Filter>Source Files\Types</Filter>
    </ClCompile>
    <ClCompile Include="type_info.cpp">
      <Filter>Source Files\Types</Filter>
    </ClCompile>
    <ClCompile Include="exception.cpp">
      <Filter>Source Files\Exception</Filter>
    </ClCompile>
  </ItemGroup>
  <ItemGroup>
    <ClInclude Include="shunting-yard.h">
      <Filter>Header Files\Math</Filter>
    </ClInclude>
    <ClInclude Include="interp.h">
      <Filter>Header Files\Interpreter</Filter>
    </ClInclude>
    <ClInclude Include="strutil.h">
      <Filter>Source Files\Util</Filter>
    </ClInclude>
    <ClInclude Include="variable.h">
      <Filter>Header Files\Types</Filter>
    </ClInclude>
    <ClInclude Include="object.h">
      <Filter>Header Files\Types</Filter>
    </ClInclude>
    <ClInclude Include="type_info.h">
      <Filter>Header Files\Types</Filter>
    </ClInclude>
    <ClInclude Include="base_type_names.h">
      <Filter>Header Files\Types</Filter>
    </ClInclude>
    <ClInclude Include="exception.h">
      <Filter>Header Files\Exception</Filter>
    </ClInclude>
    <ClInclude Include="exception_types.h">
      <Filter>Header Files\Exception</Filter>
    </ClInclude>
    <ClInclude Include="reserved_keywords.h">
      <Filter>Header Files\Types</Filter>
    </ClInclude>
  </ItemGroup>
</Project>